
Microsoft Visual Studio Solution File, Format Version 11.00
# Visual C# Express 2010
Project("{FAE04EC0-301F-11D3-BF4B-00C04F79EFBC}") = "Version1TestCoBDD", "Version1TestCoBDD\Version1TestCoBDD.csproj", "{3605A45C-D476-450B-A843-9C50644A90A3}"
EndProject
Global
	GlobalSection(SolutionConfigurationPlatforms) = preSolution
		Debug|x86 = Debug|x86
		Release|x86 = Release|x86
	EndGlobalSection
	GlobalSection(ProjectConfigurationPlatforms) = postSolution
		{3605A45C-D476-450B-A843-9C50644A90A3}.Debug|x86.ActiveCfg = Debug|x86
		{3605A45C-D476-450B-A843-9C50644A90A3}.Debug|x86.Build.0 = Debug|x86
		{3605A45C-D476-450B-A843-9C50644A90A3}.Release|x86.ActiveCfg = Release|x86
		{3605A45C-D476-450B-A843-9C50644A90A3}.Release|x86.Build.0 = Release|x86
	EndGlobalSection
	GlobalSection(SolutionProperties) = preSolution
		HideSolutionNode = FALSE
	EndGlobalSection
EndGlobal
